
Microsoft Visual Studio Solution File, Format Version 12.00
# Visual Studio Version 16
VisualStudioVersion = 16.0.28729.10
MinimumVisualStudioVersion = 10.0.40219.1
Project("{FAE04EC0-301F-11D3-BF4B-00C04F79EFBC}") = "AggregateVsTolookup", "AggregateVsTolookup\AggregateVsTolookup.csproj", "{48D97E31-3DDD-4969-A13A-33E9D232499F}"
EndProject
Global
	GlobalSection(SolutionConfigurationPlatforms) = preSolution
		Debug|Any CPU = Debug|Any CPU
		Release|Any CPU = Release|Any CPU
	EndGlobalSection
	GlobalSection(ProjectConfigurationPlatforms) = postSolution
		{48D97E31-3DDD-4969-A13A-33E9D232499F}.Debug|Any CPU.ActiveCfg = Debug|Any CPU
		{48D97E31-3DDD-4969-A13A-33E9D232499F}.Debug|Any CPU.Build.0 = Debug|Any CPU
		{48D97E31-3DDD-4969-A13A-33E9D232499F}.Release|Any CPU.ActiveCfg = Release|Any CPU
		{48D97E31-3DDD-4969-A13A-33E9D232499F}.Release|Any CPU.Build.0 = Release|Any CPU
	EndGlobalSection
	GlobalSection(SolutionProperties) = preSolution
		HideSolutionNode = FALSE
	EndGlobalSection
	GlobalSection(ExtensibilityGlobals) = postSolution
		SolutionGuid = {2D4231B6-6847-4F88-A698-05EC280089CA}
	EndGlobalSection
EndGlobal
